{
  "name": "linksys",
  "version": "0.0.0",
  "lockfileVersion": 1,
  "requires": true,
  "dependencies": {
    "add-event-listener": {
      "version": "0.0.1",
      "resolved": "https://registry.npmjs.org/add-event-listener/-/add-event-listener-0.0.1.tgz",
      "integrity": "sha1-p2Ip68ZMiu+uIEoWJzovJVq+otA="
    },
    "gintersect": {
      "version": "0.1.0",
      "resolved": "https://registry.npmjs.org/gintersect/-/gintersect-0.1.0.tgz",
      "integrity": "sha1-moy2qAt9bpVawzUVSVsSEmJ7GBY="
    },
    "ngraph.centrality": {
      "version": "0.1.3",
      "resolved": "https://registry.npmjs.org/ngraph.centrality/-/ngraph.centrality-0.1.3.tgz",
      "integrity": "sha1-bKB7QXmv8AfYSY7e8lZoizfYdp0="
    },
    "ngraph.events": {
      "version": "0.0.3",
      "resolved": "https://registry.npmjs.org/ngraph.events/-/ngraph.events-0.0.3.tgz",
      "integrity": "sha1-OPVTFvPSB61jH/lPZiLKjywOh9A="
    },
    "ngraph.expose": {
      "version": "0.0.0",
      "resolved": "https://registry.npmjs.org/ngraph.expose/-/ngraph.expose-0.0.0.tgz",
      "integrity": "sha1-dGw0kDo4SMRdAzsUvGRhnqhf5ao="
    },
    "ngraph.forcelayout": {
      "version": "0.1.2",
      "resolved": "https://registry.npmjs.org/ngraph.forcelayout/-/ngraph.forcelayout-0.1.2.tgz",
      "integrity": "sha1-PC4SJ/KRSLqyn8WLweg3SfYdS8U=",
      "requires": {
        "ngraph.events": "0.0.3",
        "ngraph.physics.simulator": "0.1.1"
      }
    },
    "ngraph.fromjson": {
      "version": "0.1.7",
      "resolved": "https://registry.npmjs.org/ngraph.fromjson/-/ngraph.fromjson-0.1.7.tgz",
      "integrity": "sha1-VXEnCsj+ED6xaEQUbolIrUIhnHM=",
      "requires": {
        "ngraph.graph": "0.0.11"
      }
    },
    "ngraph.generators": {
      "version": "0.0.15",
      "resolved": "https://registry.npmjs.org/ngraph.generators/-/ngraph.generators-0.0.15.tgz",
      "integrity": "sha1-GgnH6S2IPXi8gWwGwvZkC0X0z/I=",
      "requires": {
        "ngraph.graph": "0.0.11",
        "ngraph.random": "0.0.1"
      }
    },
    "ngraph.graph": {
      "version": "0.0.11",
      "resolved": "https://registry.npmjs.org/ngraph.graph/-/ngraph.graph-0.0.11.tgz",
      "integrity": "sha1-nxCnJn71l3Q5rFB7r8un9O1yhAE=",
      "requires": {
        "ngraph.events": "0.0.3"
      }
    },
    "ngraph.merge": {
      "version": "0.0.1",
      "resolved": "https://registry.npmjs.org/ngraph.merge/-/ngraph.merge-0.0.1.tgz",
      "integrity": "sha1-5OgM43WBo8lrF9VF46Q8hUNLkCU="
    },
    "ngraph.physics.primitives": {
      "version": "0.0.7",
      "resolved": "https://registry.npmjs.org/ngraph.physics.primitives/-/ngraph.physics.primitives-0.0.7.tgz",
      "integrity": "sha1-Xcnhebofkubex3SwHNaJFBILeVs="
    },
    "ngraph.physics.simulator": {
      "version": "0.1.1",
      "resolved": "https://registry.npmjs.org/ngraph.physics.simulator/-/ngraph.physics.simulator-0.1.1.tgz",
      "integrity": "sha1-h5RmUATQJbnkIyEV/O/9l7+sCK0=",
      "requires": {
        "ngraph.events": "0.0.3",
        "ngraph.expose": "0.0.0",
        "ngraph.merge": "0.0.1",
        "ngraph.physics.primitives": "0.0.7",
        "ngraph.quadtreebh": "0.0.4",
        "ngraph.random": "0.0.1"
      }
    },
    "ngraph.quadtreebh": {
      "version": "0.0.4",
      "resolved": "https://registry.npmjs.org/ngraph.quadtreebh/-/ngraph.quadtreebh-0.0.4.tgz",
      "integrity": "sha1-xwDUTm5K8HttBQAbo5h/9eLc1iw=",
      "requires": {
        "ngraph.random": "0.0.1"
      }
    },
    "ngraph.random": {
      "version": "0.0.1",
      "resolved": "https://registry.npmjs.org/ngraph.random/-/ngraph.random-0.0.1.tgz",
      "integrity": "sha1-wAji67/f+vF+0Q5LvJE+VnFmvPg="
    },
    "ngraph.tojson": {
      "version": "0.1.3",
      "resolved": "https://registry.npmjs.org/ngraph.tojson/-/ngraph.tojson-0.1.3.tgz",
      "integrity": "sha1-chUq8zBsABeXu3zJKTDpIbp76zo="
    },
    "simplesvg": {
      "version": "0.0.10",
      "resolved": "https://registry.npmjs.org/simplesvg/-/simplesvg-0.0.10.tgz",
      "integrity": "sha1-N9LsGN4sFU3Ztp956K0gvx4eX90=",
      "requires": {
        "add-event-listener": "0.0.1"
      }
    },
    "vivagraphjs": {
      "version": "0.10.1",
      "resolved": "https://registry.npmjs.org/vivagraphjs/-/vivagraphjs-0.10.1.tgz",
      "integrity": "sha1-xE+ds35kmqss0nKwo8ITZek7MbM=",
      "requires": {
        "gintersect": "0.1.0",
        "ngraph.centrality": "0.1.3",
        "ngraph.events": "0.0.3",
        "ngraph.forcelayout": "0.1.2",
        "ngraph.fromjson": "0.1.7",
        "ngraph.generators": "0.0.15",
        "ngraph.graph": "0.0.11",
        "ngraph.merge": "0.0.1",
        "ngraph.random": "0.0.1",
        "ngraph.tojson": "0.1.3",
        "simplesvg": "0.0.10"
      }
    }
  }
}
